
Microsoft Visual Studio Solution File, Format Version 12.00
# Visual Studio Version 17
VisualStudioVersion = 17.0.31903.59
MinimumVisualStudioVersion = 10.0.40219.1
Project("{2150E333-8FDC-42A3-9474-1A3956D46DE8}") = "src", "src", "{827E0CD3-B72D-47B6-A68D-7590B98EB39B}"
EndProject
Project("{FAE04EC0-301F-11D3-BF4B-00C04F79EFBC}") = "AILib.Core", "src\AILib.Core\AILib.Core.csproj", "{A47EC47F-4C0D-4B83-B197-954F09B90401}"
EndProject
Project("{FAE04EC0-301F-11D3-BF4B-00C04F79EFBC}") = "AILib.NN", "src\AILib.NN\AILib.NN.csproj", "{E95172AC-783C-49F7-965C-09E7C284B5C6}"
EndProject
Project("{FAE04EC0-301F-11D3-BF4B-00C04F79EFBC}") = "AILib.Transformers", "src\AILib.Transformers\AILib.Transformers.csproj", "{9971E9FF-DC57-41B5-A45C-C352E60358EA}"
EndProject
Project("{2150E333-8FDC-42A3-9474-1A3956D46DE8}") = "tests", "tests", "{0AB3BF05-4346-4AA6-1389-037BE0695223}"
EndProject
Project("{FAE04EC0-301F-11D3-BF4B-00C04F79EFBC}") = "AILib.Core.Tests", "tests\AILib.Core.Tests\AILib.Core.Tests.csproj", "{27889F26-F2F5-4388-A0A5-0E2F3AE28599}"
EndProject
Project("{FAE04EC0-301F-11D3-BF4B-00C04F79EFBC}") = "AILib.NN.Tests", "tests\AILib.NN.Tests\AILib.NN.Tests.csproj", "{04895516-DD3E-4B05-8B6F-3A5D485DC7CB}"
EndProject
Global
	GlobalSection(SolutionConfigurationPlatforms) = preSolution
		Debug|Any CPU = Debug|Any CPU
		Debug|x64 = Debug|x64
		Debug|x86 = Debug|x86
		Release|Any CPU = Release|Any CPU
		Release|x64 = Release|x64
		Release|x86 = Release|x86
	EndGlobalSection
	GlobalSection(ProjectConfigurationPlatforms) = postSolution
		{A47EC47F-4C0D-4B83-B197-954F09B90401}.Debug|Any CPU.ActiveCfg = Debug|Any CPU
		{A47EC47F-4C0D-4B83-B197-954F09B90401}.Debug|Any CPU.Build.0 = Debug|Any CPU
		{A47EC47F-4C0D-4B83-B197-954F09B90401}.Debug|x64.ActiveCfg = Debug|Any CPU
		{A47EC47F-4C0D-4B83-B197-954F09B90401}.Debug|x64.Build.0 = Debug|Any CPU
		{A47EC47F-4C0D-4B83-B197-954F09B90401}.Debug|x86.ActiveCfg = Debug|Any CPU
		{A47EC47F-4C0D-4B83-B197-954F09B90401}.Debug|x86.Build.0 = Debug|Any CPU
		{A47EC47F-4C0D-4B83-B197-954F09B90401}.Release|Any CPU.ActiveCfg = Release|Any CPU
		{A47EC47F-4C0D-4B83-B197-954F09B90401}.Release|Any CPU.Build.0 = Release|Any CPU
		{A47EC47F-4C0D-4B83-B197-954F09B90401}.Release|x64.ActiveCfg = Release|Any CPU
		{A47EC47F-4C0D-4B83-B197-954F09B90401}.Release|x64.Build.0 = Release|Any CPU
		{A47EC47F-4C0D-4B83-B197-954F09B90401}.Release|x86.ActiveCfg = Release|Any CPU
		{A47EC47F-4C0D-4B83-B197-954F09B90401}.Release|x86.Build.0 = Release|Any CPU
		{E95172AC-783C-49F7-965C-09E7C284B5C6}.Debug|Any CPU.ActiveCfg = Debug|Any CPU
		{E95172AC-783C-49F7-965C-09E7C284B5C6}.Debug|Any CPU.Build.0 = Debug|Any CPU
		{E95172AC-783C-49F7-965C-09E7C284B5C6}.Debug|x64.ActiveCfg = Debug|Any CPU
		{E95172AC-783C-49F7-965C-09E7C284B5C6}.Debug|x64.Build.0 = Debug|Any CPU
		{E95172AC-783C-49F7-965C-09E7C284B5C6}.Debug|x86.ActiveCfg = Debug|Any CPU
		{E95172AC-783C-49F7-965C-09E7C284B5C6}.Debug|x86.Build.0 = Debug|Any CPU
		{E95172AC-783C-49F7-965C-09E7C284B5C6}.Release|Any CPU.ActiveCfg = Release|Any CPU
		{E95172AC-783C-49F7-965C-09E7C284B5C6}.Release|Any CPU.Build.0 = Release|Any CPU
		{E95172AC-783C-49F7-965C-09E7C284B5C6}.Release|x64.ActiveCfg = Release|Any CPU
		{E95172AC-783C-49F7-965C-09E7C284B5C6}.Release|x64.Build.0 = Release|Any CPU
		{E95172AC-783C-49F7-965C-09E7C284B5C6}.Release|x86.ActiveCfg = Release|Any CPU
		{E95172AC-783C-49F7-965C-09E7C284B5C6}.Release|x86.Build.0 = Release|Any CPU
		{9971E9FF-DC57-41B5-A45C-C352E60358EA}.Debug|Any CPU.ActiveCfg = Debug|Any CPU
		{9971E9FF-DC57-41B5-A45C-C352E60358EA}.Debug|Any CPU.Build.0 = Debug|Any CPU
		{9971E9FF-DC57-41B5-A45C-C352E60358EA}.Debug|x64.ActiveCfg = Debug|Any CPU
		{9971E9FF-DC57-41B5-A45C-C352E60358EA}.Debug|x64.Build.0 = Debug|Any CPU
		{9971E9FF-DC57-41B5-A45C-C352E60358EA}.Debug|x86.ActiveCfg = Debug|Any CPU
		{9971E9FF-DC57-41B5-A45C-C352E60358EA}.Debug|x86.Build.0 = Debug|Any CPU
		{9971E9FF-DC57-41B5-A45C-C352E60358EA}.Release|Any CPU.ActiveCfg = Release|Any CPU
		{9971E9FF-DC57-41B5-A45C-C352E60358EA}.Release|Any CPU.Build.0 = Release|Any CPU
		{9971E9FF-DC57-41B5-A45C-C352E60358EA}.Release|x64.ActiveCfg = Release|Any CPU
		{9971E9FF-DC57-41B5-A45C-C352E60358EA}.Release|x64.Build.0 = Release|Any CPU
		{9971E9FF-DC57-41B5-A45C-C352E60358EA}.Release|x86.ActiveCfg = Release|Any CPU
		{9971E9FF-DC57-41B5-A45C-C352E60358EA}.Release|x86.Build.0 = Release|Any CPU
		{27889F26-F2F5-4388-A0A5-0E2F3AE28599}.Debug|Any CPU.ActiveCfg = Debug|Any CPU
		{27889F26-F2F5-4388-A0A5-0E2F3AE28599}.Debug|Any CPU.Build.0 = Debug|Any CPU
		{27889F26-F2F5-4388-A0A5-0E2F3AE28599}.Debug|x64.ActiveCfg = Debug|Any CPU
		{27889F26-F2F5-4388-A0A5-0E2F3AE28599}.Debug|x64.Build.0 = Debug|Any CPU
		{27889F26-F2F5-4388-A0A5-0E2F3AE28599}.Debug|x86.ActiveCfg = Debug|Any CPU
		{27889F26-F2F5-4388-A0A5-0E2F3AE28599}.Debug|x86.Build.0 = Debug|Any CPU
		{27889F26-F2F5-4388-A0A5-0E2F3AE28599}.Release|Any CPU.ActiveCfg = Release|Any CPU
		{27889F26-F2F5-4388-A0A5-0E2F3AE28599}.Release|Any CPU.Build.0 = Release|Any CPU
		{27889F26-F2F5-4388-A0A5-0E2F3AE28599}.Release|x64.ActiveCfg = Release|Any CPU
		{27889F26-F2F5-4388-A0A5-0E2F3AE28599}.Release|x64.Build.0 = Release|Any CPU
		{27889F26-F2F5-4388-A0A5-0E2F3AE28599}.Release|x86.ActiveCfg = Release|Any CPU
		{27889F26-F2F5-4388-A0A5-0E2F3AE28599}.Release|x86.Build.0 = Release|Any CPU
		{04895516-DD3E-4B05-8B6F-3A5D485DC7CB}.Debug|Any CPU.ActiveCfg = Debug|Any CPU
		{04895516-DD3E-4B05-8B6F-3A5D485DC7CB}.Debug|Any CPU.Build.0 = Debug|Any CPU
		{04895516-DD3E-4B05-8B6F-3A5D485DC7CB}.Debug|x64.ActiveCfg = Debug|Any CPU
		{04895516-DD3E-4B05-8B6F-3A5D485DC7CB}.Debug|x64.Build.0 = Debug|Any CPU
		{04895516-DD3E-4B05-8B6F-3A5D485DC7CB}.Debug|x86.ActiveCfg = Debug|Any CPU
		{04895516-DD3E-4B05-8B6F-3A5D485DC7CB}.Debug|x86.Build.0 = Debug|Any CPU
		{04895516-DD3E-4B05-8B6F-3A5D485DC7CB}.Release|Any CPU.ActiveCfg = Release|Any CPU
		{04895516-DD3E-4B05-8B6F-3A5D485DC7CB}.Release|Any CPU.Build.0 = Release|Any CPU
		{04895516-DD3E-4B05-8B6F-3A5D485DC7CB}.Release|x64.ActiveCfg = Release|Any CPU
		{04895516-DD3E-4B05-8B6F-3A5D485DC7CB}.Release|x64.Build.0 = Release|Any CPU
		{04895516-DD3E-4B05-8B6F-3A5D485DC7CB}.Release|x86.ActiveCfg = Release|Any CPU
		{04895516-DD3E-4B05-8B6F-3A5D485DC7CB}.Release|x86.Build.0 = Release|Any CPU
	EndGlobalSection
	GlobalSection(SolutionProperties) = preSolution
		HideSolutionNode = FALSE
	EndGlobalSection
	GlobalSection(NestedProjects) = preSolution
		{A47EC47F-4C0D-4B83-B197-954F09B90401} = {827E0CD3-B72D-47B6-A68D-7590B98EB39B}
		{E95172AC-783C-49F7-965C-09E7C284B5C6} = {827E0CD3-B72D-47B6-A68D-7590B98EB39B}
		{9971E9FF-DC57-41B5-A45C-C352E60358EA} = {827E0CD3-B72D-47B6-A68D-7590B98EB39B}
		{27889F26-F2F5-4388-A0A5-0E2F3AE28599} = {0AB3BF05-4346-4AA6-1389-037BE0695223}
		{04895516-DD3E-4B05-8B6F-3A5D485DC7CB} = {0AB3BF05-4346-4AA6-1389-037BE0695223}
	EndGlobalSection
EndGlobal
